// !$*UTF8*$!
{
	archiveVersion = 1;
	classes = {
	};
	objectVersion = 77;
	objects = {

/* Begin PBXBuildFile section */
		7193BC592E005F8F00B9D1F6 /* AWSAPIPlugin in Frameworks */ = {isa = PBXBuildFile; productRef = 7193BC582E005F8F00B9D1F6 /* AWSAPIPlugin */; };
		7193BC5B2E005F8F00B9D1F6 /* AWSCognitoAuthPlugin in Frameworks */ = {isa = PBXBuildFile; productRef = 7193BC5A2E005F8F00B9D1F6 /* AWSCognitoAuthPlugin */; };
		7193BC5D2E005F8F00B9D1F6 /* AWSPinpointPushNotificationsPlugin in Frameworks */ = {isa = PBXBuildFile; productRef = 7193BC5C2E005F8F00B9D1F6 /* AWSPinpointPushNotificationsPlugin */; };
		7193BC5F2E005F8F00B9D1F6 /* AWSS3StoragePlugin in Frameworks */ = {isa = PBXBuildFile; productRef = 7193BC5E2E005F8F00B9D1F6 /* AWSS3StoragePlugin */; };
		7193BC612E005F8F00B9D1F6 /* Amplify in Frameworks */ = {isa = PBXBuildFile; productRef = 7193BC602E005F8F00B9D1F6 /* Amplify */; };
/* End PBXBuildFile section */

/* Begin PBXContainerItemProxy section */
		71B2A8DB2DF35EBB00F2784F /* PBXContainerItemProxy */ = {
			isa = PBXContainerItemProxy;
			containerPortal = 71B2A8C32DF35EB800F2784F /* Project object */;
			proxyType = 1;
			remoteGlobalIDString = 71B2A8CA2DF35EB800F2784F;
			remoteInfo = "clarity-loop-frontend-v2";
		};
		71B2A8E52DF35EBB00F2784F /* PBXContainerItemProxy */ = {
			isa = PBXContainerItemProxy;
			containerPortal = 71B2A8C32DF35EB800F2784F /* Project object */;
			proxyType = 1;
			remoteGlobalIDString = 71B2A8CA2DF35EB800F2784F;
			remoteInfo = "clarity-loop-frontend-v2";
		};
/* End PBXContainerItemProxy section */

/* Begin PBXFileReference section */
		7139552F2DF383390087EC97 /* clarity-loop-frontend-v2.xcodeproj */ = {isa = PBXFileReference; lastKnownFileType = "wrapper.pb-project"; path = "clarity-loop-frontend-v2.xcodeproj"; sourceTree = "<group>"; };
		71B2A8CB2DF35EB800F2784F /* clarity-loop-frontend-v2.app */ = {isa = PBXFileReference; explicitFileType = wrapper.application; includeInIndex = 0; path = "clarity-loop-frontend-v2.app"; sourceTree = BUILT_PRODUCTS_DIR; };
		71B2A8DA2DF35EBB00F2784F /* clarity-loop-frontend-v2Tests.xctest */ = {isa = PBXFileReference; explicitFileType = wrapper.cfbundle; includeInIndex = 0; path = "clarity-loop-frontend-v2Tests.xctest"; sourceTree = BUILT_PRODUCTS_DIR; };
		71B2A8E42DF35EBB00F2784F /* clarity-loop-frontend-v2UITests.xctest */ = {isa = PBXFileReference; explicitFileType = wrapper.cfbundle; includeInIndex = 0; path = "clarity-loop-frontend-v2UITests.xctest"; sourceTree = BUILT_PRODUCTS_DIR; };
/* End PBXFileReference section */

/* Begin PBXFileSystemSynchronizedBuildFileExceptionSet section */
		716D97602DF4DFFA0068C70F /* Exceptions for "clarity-loop-frontend-v2" folder in "clarity-loop-frontend-v2" target */ = {
			isa = PBXFileSystemSynchronizedBuildFileExceptionSet;
			membershipExceptions = (
				"clarity-loop-frontend-v2Tests/E2E/HealthKitEndToEndTest.swift",
				Info.plist,
			);
			platformFiltersByRelativePath = {
				ContentView.swift = (ios, );
				Core/Adapters/BackendContract.swift = (ios, );
				Core/Adapters/BackendContractAdapter.swift = (ios, );
				Core/Architecture/BaseViewModel.swift = (ios, );
				Core/Architecture/EnvironmentKeys.swift = (ios, );
				Core/Architecture/ViewState.swift = (ios, );
				Core/Networking/APIClient.swift = (ios, );
				Core/Networking/APIError.swift = (ios, );
				Core/Networking/APIService.swift = (ios, );
				Core/Networking/AuthEndpoint.swift = (ios, );
				Core/Networking/BackendAPIClient.swift = (ios, );
				Core/Networking/BackendHealthDataEndpoint.swift = (ios, );
				Core/Networking/HealthDataEndpoint.swift = (ios, );
				Core/Networking/InsightEndpoint.swift = (ios, );
				Core/Networking/PATEndpoint.swift = (ios, );
				Core/Persistence/PersistenceController.swift = (ios, );
				Core/Services/AmplifyConfigurator.swift = (ios, );
				Core/Services/AppSecurityService.swift = (ios, );
				Core/Services/AuthService.swift = (ios, );
				Core/Services/BackgroundTaskManager.swift = (ios, );
				Core/Services/BiometricAuthService.swift = (ios, );
				Core/Services/CognitoAuthService.swift.disabled = (ios, );
				Core/Services/CognitoConfiguration.swift.disabled = (ios, );
				Core/Services/EnhancedOfflineQueueManager.swift = (ios, );
				Core/Services/HealthDataSyncManager.swift = (ios, );
				Core/Services/HealthKitService.swift = (ios, );
				Core/Services/HealthKitServiceProtocol.swift = (ios, );
				Core/Services/HealthKitSyncService.swift = (ios, );
				Core/Services/InsightAIService.swift = (ios, );
				Core/Services/OfflineQueueManager.swift = (ios, );
				Core/Services/PushNotificationManager.swift = (ios, );
				Core/Services/SessionTimeoutService.swift = (ios, );
				Core/Services/SwiftDataConfigurator.swift = (ios, );
				Core/Services/TokenManagementService.swift = (ios, );
				Core/Services/TokenManager.swift = (ios, );
				Core/Services/UserDataService.swift = (ios, );
				Core/Services/WebSocketManager.swift = (ios, );
				Core/Utilities/AppConfig.swift = (ios, );
				Core/Utilities/DeviceInfoHelper.swift = (ios, );
				Data/DTOs/AnyCodable.swift = (ios, );
				Data/DTOs/AuthLoginDTOs.swift = (ios, );
				Data/DTOs/AuthMiscDTOs.swift = (ios, );
				Data/DTOs/AuthRegistrationDTOs.swift = (ios, );
				Data/DTOs/BackendHealthDataDTOs.swift = (ios, );
				Data/DTOs/ChatRequestDTO.swift = (ios, );
				Data/DTOs/HealthDataDTOs.swift = (ios, );
				Data/DTOs/HealthKitUploadDTOs.swift = (ios, );
				Data/DTOs/InsightsDTOs.swift = (ios, );
				Data/DTOs/PATAnalysisDTOs.swift = (ios, );
				"Data/DTOs/UserSessionResponseDTO+AuthUser.swift" = (ios, );
				Data/Models/HealthMetricEntity.swift = (ios, );
				Data/Models/InsightEntity.swift = (ios, );
				Data/Models/PATAnalysisEntity.swift = (ios, );
				Data/Models/UserProfile.swift = (ios, );
				Data/Repositories/RemoteHealthDataRepository.swift = (ios, );
				Data/Repositories/RemoteInsightsRepository.swift = (ios, );
				Data/Repositories/RemoteUserRepository.swift = (ios, );
				Data/SwiftDataModels/AIInsight.swift = (ios, );
				Data/SwiftDataModels/HealthMetric.swift = (ios, );
				Data/SwiftDataModels/PATAnalysis.swift = (ios, );
				Data/SwiftDataModels/TestOnlyModel.swift = (ios, );
				Data/SwiftDataModels/UserProfileModel.swift = (ios, );
				Domain/Models/AuthUser.swift = (ios, );
				Domain/Models/HealthKitDomainModels.swift = (ios, );
				Domain/Repositories/AIInsightRepository.swift = (ios, );
				Domain/Repositories/Base/BaseRepository.swift = (ios, );
				Domain/Repositories/Base/RepositoryFactory.swift = (ios, );
				Domain/Repositories/HealthDataRepositoryProtocol.swift = (ios, );
				Domain/Repositories/HealthRepository.swift = (ios, );
				Domain/Repositories/InsightsRepositoryProtocol.swift = (ios, );
				Domain/Repositories/PATAnalysisRepository.swift = (ios, );
				Domain/Repositories/UserProfileRepository.swift = (ios, );
				Domain/Repositories/UserRepositoryProtocol.swift = (ios, );
				Domain/UseCases/AnalyzePATDataUseCase.swift = (ios, );
				Domain/UseCases/FetchDailyHealthSummaryUseCase.swift = (ios, );
				Domain/UseCases/GenerateInsightUseCase.swift = (ios, );
				Domain/UseCases/SyncHealthDataUseCase.swift = (ios, );
				Features/Analysis/PATAnalysisViewModel.swift = (ios, );
				Features/Authentication/AuthViewModel.swift = (ios, );
				Features/Authentication/EmailVerificationView.swift = (ios, );
				Features/Authentication/EmailVerificationViewModel.swift = (ios, );
				Features/Authentication/LoginView.swift = (ios, );
				Features/Authentication/LoginViewModel.swift = (ios, );
				Features/Authentication/OnboardingViewModel.swift = (ios, );
				Features/Authentication/RegistrationView.swift = (ios, );
				Features/Authentication/RegistrationViewModel.swift = (ios, );
				Features/Dashboard/DashboardView.swift = (ios, );
				Features/Dashboard/DashboardViewModel.swift = (ios, );
				Features/Health/HealthViewModel.swift = (ios, );
				Features/Insights/AIInsightViewModel.swift = (ios, );
				Features/Insights/ChatView.swift = (ios, );
				Features/Insights/ChatViewModel.swift = (ios, );
				Features/Insights/InsightsListView.swift = (ios, );
				Features/Insights/InsightsListViewModel.swift = (ios, );
				Features/Profile/UserProfileViewModel.swift = (ios, );
				Features/Settings/DataManagementView.swift = (ios, );
				Features/Settings/DataManagementViewModel.swift = (ios, );
				Features/Settings/SettingsView.swift = (ios, );
				Features/Settings/SettingsViewModel.swift = (ios, );
				Resources/amplifyconfiguration.json = (ios, );
				UI/Components/CustomSecureField.swift = (ios, );
				UI/Components/EmptyStateView.swift = (ios, );
				UI/Components/ErrorView.swift = (ios, );
				UI/Components/HealthMetricCardView.swift = (ios, );
				UI/Components/InsightCardView.swift = (ios, );
				UI/Components/MessageBubbleView.swift = (ios, );
				UI/MainTabView.swift = (ios, );
				clarity_loop_frontendApp.swift = (ios, );
			};
			target = 71B2A8CA2DF35EB800F2784F /* clarity-loop-frontend-v2 */;
		};
		7171570C2DF3DE8600F8B4D7 /* Exceptions for "clarity-loop-frontend-v2UITests" folder in "clarity-loop-frontend-v2UITests" target */ = {
			isa = PBXFileSystemSynchronizedBuildFileExceptionSet;
			membershipExceptions = (
				HealthDataContractValidationTests.swift,
			);
			platformFiltersByRelativePath = {
				Features/Authentication/AuthenticationUITests.swift = (ios, );
				UI/Layout/LayoutStabilityUITests.swift = (ios, );
				clarity_loop_frontendUITests.swift = (ios, );
				clarity_loop_frontendUITestsLaunchTests.swift = (ios, );
			};
			target = 71B2A8E32DF35EBB00F2784F /* clarity-loop-frontend-v2UITests */;
		};
		718FE5DA2E0787FD0064FC60 /* Exceptions for "clarity-loop-frontend-v2" folder in "clarity-loop-frontend-v2Tests" target */ = {
			isa = PBXFileSystemSynchronizedBuildFileExceptionSet;
			membershipExceptions = (
				"clarity-loop-frontend-v2Tests/E2E/HealthKitEndToEndTest.swift",
			);
			platformFiltersByRelativePath = {
				"clarity-loop-frontend-v2Tests/E2E/HealthKitEndToEndTest.swift" = (ios, );
			};
			target = 71B2A8D92DF35EBB00F2784F /* clarity-loop-frontend-v2Tests */;
		};
		719D291C2E098EBC00E96A58 /* Exceptions for "clarity-loop-frontend-v2UITests" folder in "clarity-loop-frontend-v2Tests" target */ = {
			isa = PBXFileSystemSynchronizedBuildFileExceptionSet;
			membershipExceptions = (
				HealthDataContractValidationTests.swift,
			);
			platformFiltersByRelativePath = {
				HealthDataContractValidationTests.swift = (ios, );
			};
			target = 71B2A8D92DF35EBB00F2784F /* clarity-loop-frontend-v2Tests */;
		};
		71EC91292DF481EE00226717 /* Exceptions for "clarity-loop-frontend-v2Tests" folder in "clarity-loop-frontend-v2Tests" target */ = {
			isa = PBXFileSystemSynchronizedBuildFileExceptionSet;
			platformFiltersByRelativePath = {
				Core/Architecture/BaseViewModelTests.swift = (ios, );
				Core/Architecture/ViewStateTests.swift = (ios, );
				Core/Networking/APIClientTests.swift = (ios, );
				Core/Networking/JSONEncodingTests.swift = (ios, );
				Core/Repositories/AIInsightRepositoryTests.swift = (ios, );
				Core/Repositories/HealthRepositoryTests.swift = (ios, );
				Core/Repositories/PATAnalysisRepositoryTests.swift = (ios, );
				Core/Repositories/UserProfileRepositoryTests.swift = (ios, );
				Core/Services/APIServiceTests.swift = (ios, );
				Core/Services/AppSecurityServiceTests.swift = (ios, );
				Core/Services/AuthServiceTests.swift = (ios, );
				Core/Services/BiometricAuthServiceTests.swift = (ios, );
				Core/Services/EnhancedOfflineQueueManagerTests.swift = (ios, );
				Core/Services/HealthKitServiceTests.swift = (ios, );
				Core/Services/HealthKitSyncServiceTests.swift = (ios, );
				Core/Services/InsightAIServiceTests.swift = (ios, );
				Core/Services/PushNotificationManagerTests.swift = (ios, );
				Core/Services/SessionTimeoutServiceTests.swift = (ios, );
				Core/Services/WebSocketManagerTests.swift = (ios, );
				Data/DTOs/DTOValidationTests.swift = (ios, );
				Data/Repositories/RemoteHealthDataRepositoryTests.swift = (ios, );
				Data/Repositories/RemoteInsightsRepositoryTests.swift = (ios, );
				Data/Repositories/RemoteUserRepositoryTests.swift = (ios, );
				Domain/UseCases/AnalyzePATDataUseCaseTests.swift = (ios, );
				Domain/UseCases/FetchDailyHealthSummaryUseCaseTests.swift = (ios, );
				Domain/UseCases/GenerateInsightUseCaseTests.swift = (ios, );
				Domain/UseCases/SyncHealthDataUseCaseTests.swift = (ios, );
				E2E/BackendE2ETests.swift = (ios, );
				E2E/BackendMockServer.swift = (ios, );
				Features/Authentication/LoginViewModelTests.swift = (ios, );
				Features/Authentication/RegistrationViewModelTests.swift = (ios, );
				Features/Health/HealthViewModelTests.swift = (ios, );
				Features/Insights/AIInsightViewModelTests.swift = (ios, );
				Features/Profile/UserProfileViewModelTests.swift = (ios, );
				Integration/AuthenticationIntegrationTests.swift = (ios, );
				Integration/BackendContractValidationTests.swift = (ios, );
				Integration/BackendIntegrationTests.swift = (ios, );
				Integration/PATContractValidationTests.swift = (ios, );
				IntegrationTests.swift = (ios, );
				Mocks/CorrectMockAPIClient.swift = (ios, );
				Mocks/MockAuthService.swift = (ios, );
				Mocks/MockHealthKitService.swift = (ios, );
				Mocks/MockHealthMetric.swift = (ios, );
				Performance/MemoryLeakTests.swift = (ios, );
				SimpleGreenTest.swift = (ios, );
				UI/Authentication/SecureFieldRenderingTests.swift = (ios, );
				UI/Components/ComponentRenderingTests.swift = (ios, );
				UI/Layout/ConstraintValidationTests.swift = (ios, );
			};
			target = 71B2A8D92DF35EBB00F2784F /* clarity-loop-frontend-v2Tests */;
		};
/* End PBXFileSystemSynchronizedBuildFileExceptionSet section */

/* Begin PBXFileSystemSynchronizedRootGroup section */
		71B2A8CD2DF35EB800F2784F /* clarity-loop-frontend-v2 */ = {
			isa = PBXFileSystemSynchronizedRootGroup;
			exceptions = (
				716D97602DF4DFFA0068C70F /* Exceptions for "clarity-loop-frontend-v2" folder in "clarity-loop-frontend-v2" target */,
				718FE5DA2E0787FD0064FC60 /* Exceptions for "clarity-loop-frontend-v2" folder in "clarity-loop-frontend-v2Tests" target */,
			);
			path = "clarity-loop-frontend-v2";
			sourceTree = "<group>";
		};
		71B2A8DD2DF35EBB00F2784F /* clarity-loop-frontend-v2Tests */ = {
			isa = PBXFileSystemSynchronizedRootGroup;
			exceptions = (
				71EC91292DF481EE00226717 /* Exceptions for "clarity-loop-frontend-v2Tests" folder in "clarity-loop-frontend-v2Tests" target */,
			);
			path = "clarity-loop-frontend-v2Tests";
			sourceTree = "<group>";
		};
		71B2A8E72DF35EBB00F2784F /* clarity-loop-frontend-v2UITests */ = {
			isa = PBXFileSystemSynchronizedRootGroup;
			exceptions = (
				719D291C2E098EBC00E96A58 /* Exceptions for "clarity-loop-frontend-v2UITests" folder in "clarity-loop-frontend-v2Tests" target */,
				7171570C2DF3DE8600F8B4D7 /* Exceptions for "clarity-loop-frontend-v2UITests" folder in "clarity-loop-frontend-v2UITests" target */,
			);
			path = "clarity-loop-frontend-v2UITests";
			sourceTree = "<group>";
		};
/* End PBXFileSystemSynchronizedRootGroup section */

/* Begin PBXFrameworksBuildPhase section */
		71B2A8C82DF35EB800F2784F /* Frameworks */ = {
			isa = PBXFrameworksBuildPhase;
			buildActionMask = 2147483647;
			files = (
				7193BC592E005F8F00B9D1F6 /* AWSAPIPlugin in Frameworks */,
				7193BC612E005F8F00B9D1F6 /* Amplify in Frameworks */,
				7193BC5D2E005F8F00B9D1F6 /* AWSPinpointPushNotificationsPlugin in Frameworks */,
				7193BC5B2E005F8F00B9D1F6 /* AWSCognitoAuthPlugin in Frameworks */,
				7193BC5F2E005F8F00B9D1F6 /* AWSS3StoragePlugin in Frameworks */,
			);
			runOnlyForDeploymentPostprocessing = 0;
		};
		71B2A8D72DF35EBB00F2784F /* Frameworks */ = {
			isa = PBXFrameworksBuildPhase;
			buildActionMask = 2147483647;
			files = (
			);
			runOnlyForDeploymentPostprocessing = 0;
		};
		71B2A8E12DF35EBB00F2784F /* Frameworks */ = {
			isa = PBXFrameworksBuildPhase;
			buildActionMask = 2147483647;
			files = (
			);
			runOnlyForDeploymentPostprocessing = 0;
		};
/* End PBXFrameworksBuildPhase section */

/* Begin PBXGroup section */
		713955322DF383390087EC97 /* Products */ = {
			isa = PBXGroup;
			name = Products;
			sourceTree = "<group>";
		};
		713955532DF384690087EC97 /* Frameworks */ = {
			isa = PBXGroup;
			children = (
			);
			name = Frameworks;
			sourceTree = "<group>";
		};
		71B2A8C22DF35EB800F2784F = {
			isa = PBXGroup;
			children = (
				71B2A8CD2DF35EB800F2784F /* clarity-loop-frontend-v2 */,
				71B2A8DD2DF35EBB00F2784F /* clarity-loop-frontend-v2Tests */,
				71B2A8E72DF35EBB00F2784F /* clarity-loop-frontend-v2UITests */,
				713955532DF384690087EC97 /* Frameworks */,
				71B2A8CC2DF35EB800F2784F /* Products */,
			);
			sourceTree = "<group>";
		};
		71B2A8CC2DF35EB800F2784F /* Products */ = {
			isa = PBXGroup;
			children = (
				71B2A8CB2DF35EB800F2784F /* clarity-loop-frontend-v2.app */,
				71B2A8DA2DF35EBB00F2784F /* clarity-loop-frontend-v2Tests.xctest */,
				71B2A8E42DF35EBB00F2784F /* clarity-loop-frontend-v2UITests.xctest */,
			);
			name = Products;
			sourceTree = "<group>";
		};
/* End PBXGroup section */

/* Begin PBXNativeTarget section */
		71B2A8CA2DF35EB800F2784F /* clarity-loop-frontend-v2 */ = {
			isa = PBXNativeTarget;
			buildConfigurationList = 71B2A8EE2DF35EBB00F2784F /* Build configuration list for PBXNativeTarget "clarity-loop-frontend-v2" */;
			buildPhases = (
				71B2A8C72DF35EB800F2784F /* Sources */,
				71B2A8C82DF35EB800F2784F /* Frameworks */,
				71B2A8C92DF35EB800F2784F /* Resources */,
			);
			buildRules = (
			);
			dependencies = (
			);
			fileSystemSynchronizedGroups = (
				71B2A8CD2DF35EB800F2784F /* clarity-loop-frontend-v2 */,
			);
			name = "clarity-loop-frontend-v2";
			packageProductDependencies = (
				7193BC582E005F8F00B9D1F6 /* AWSAPIPlugin */,
				7193BC5A2E005F8F00B9D1F6 /* AWSCognitoAuthPlugin */,
				7193BC5C2E005F8F00B9D1F6 /* AWSPinpointPushNotificationsPlugin */,
				7193BC5E2E005F8F00B9D1F6 /* AWSS3StoragePlugin */,
				7193BC602E005F8F00B9D1F6 /* Amplify */,
			);
			productName = "clarity-loop-frontend-v2";
			productReference = 71B2A8CB2DF35EB800F2784F /* clarity-loop-frontend-v2.app */;
			productType = "com.apple.product-type.application";
		};
		71B2A8D92DF35EBB00F2784F /* clarity-loop-frontend-v2Tests */ = {
			isa = PBXNativeTarget;
			buildConfigurationList = 71B2A8F12DF35EBB00F2784F /* Build configuration list for PBXNativeTarget "clarity-loop-frontend-v2Tests" */;
			buildPhases = (
				71B2A8D62DF35EBB00F2784F /* Sources */,
				71B2A8D72DF35EBB00F2784F /* Frameworks */,
				71B2A8D82DF35EBB00F2784F /* Resources */,
			);
			buildRules = (
			);
			dependencies = (
				71B2A8DC2DF35EBB00F2784F /* PBXTargetDependency */,
			);
			fileSystemSynchronizedGroups = (
				71B2A8DD2DF35EBB00F2784F /* clarity-loop-frontend-v2Tests */,
			);
			name = "clarity-loop-frontend-v2Tests";
			packageProductDependencies = (
			);
			productName = "clarity-loop-frontend-v2Tests";
			productReference = 71B2A8DA2DF35EBB00F2784F /* clarity-loop-frontend-v2Tests.xctest */;
			productType = "com.apple.product-type.bundle.unit-test";
		};
		71B2A8E32DF35EBB00F2784F /* clarity-loop-frontend-v2UITests */ = {
			isa = PBXNativeTarget;
			buildConfigurationList = 71B2A8F42DF35EBB00F2784F /* Build configuration list for PBXNativeTarget "clarity-loop-frontend-v2UITests" */;
			buildPhases = (
				71B2A8E02DF35EBB00F2784F /* Sources */,
				71B2A8E12DF35EBB00F2784F /* Frameworks */,
				71B2A8E22DF35EBB00F2784F /* Resources */,
			);
			buildRules = (
			);
			dependencies = (
				71B2A8E62DF35EBB00F2784F /* PBXTargetDependency */,
			);
			fileSystemSynchronizedGroups = (
				71B2A8E72DF35EBB00F2784F /* clarity-loop-frontend-v2UITests */,
			);
			name = "clarity-loop-frontend-v2UITests";
			packageProductDependencies = (
			);
			productName = "clarity-loop-frontend-v2UITests";
			productReference = 71B2A8E42DF35EBB00F2784F /* clarity-loop-frontend-v2UITests.xctest */;
			productType = "com.apple.product-type.bundle.ui-testing";
		};
/* End PBXNativeTarget section */

/* Begin PBXProject section */
		71B2A8C32DF35EB800F2784F /* Project object */ = {
			isa = PBXProject;
			attributes = {
				BuildIndependentTargetsInParallel = 1;
				LastSwiftUpdateCheck = 1630;
				LastUpgradeCheck = 1630;
				TargetAttributes = {
					71B2A8CA2DF35EB800F2784F = {
						CreatedOnToolsVersion = 16.3;
					};
					71B2A8D92DF35EBB00F2784F = {
						CreatedOnToolsVersion = 16.3;
						TestTargetID = 71B2A8CA2DF35EB800F2784F;
					};
					71B2A8E32DF35EBB00F2784F = {
						CreatedOnToolsVersion = 16.3;
						TestTargetID = 71B2A8CA2DF35EB800F2784F;
					};
				};
			};
			buildConfigurationList = 71B2A8C62DF35EB800F2784F /* Build configuration list for PBXProject "clarity-loop-frontend-v2" */;
			developmentRegion = en;
			hasScannedForEncodings = 0;
			knownRegions = (
				en,
				Base,
			);
			mainGroup = 71B2A8C22DF35EB800F2784F;
			minimizedProjectReferenceProxies = 1;
			packageReferences = (
				7193BC572E005F8F00B9D1F6 /* XCRemoteSwiftPackageReference "amplify-swift" */,
			);
			preferredProjectObjectVersion = 77;
			productRefGroup = 71B2A8CC2DF35EB800F2784F /* Products */;
			projectDirPath = "";
			projectReferences = (
				{
					ProductGroup = 713955322DF383390087EC97 /* Products */;
					ProjectRef = 7139552F2DF383390087EC97 /* clarity-loop-frontend-v2.xcodeproj */;
				},
			);
			projectRoot = "";
			targets = (
				71B2A8CA2DF35EB800F2784F /* clarity-loop-frontend-v2 */,
				71B2A8D92DF35EBB00F2784F /* clarity-loop-frontend-v2Tests */,
				71B2A8E32DF35EBB00F2784F /* clarity-loop-frontend-v2UITests */,
			);
		};
/* End PBXProject section */

/* Begin PBXResourcesBuildPhase section */
		71B2A8C92DF35EB800F2784F /* Resources */ = {
			isa = PBXResourcesBuildPhase;
			buildActionMask = 2147483647;
			files = (
			);
			runOnlyForDeploymentPostprocessing = 0;
		};
		71B2A8D82DF35EBB00F2784F /* Resources */ = {
			isa = PBXResourcesBuildPhase;
			buildActionMask = 2147483647;
			files = (
			);
			runOnlyForDeploymentPostprocessing = 0;
		};
		71B2A8E22DF35EBB00F2784F /* Resources */ = {
			isa = PBXResourcesBuildPhase;
			buildActionMask = 2147483647;
			files = (
			);
			runOnlyForDeploymentPostprocessing = 0;
		};
/* End PBXResourcesBuildPhase section */

/* Begin PBXSourcesBuildPhase section */
		71B2A8C72DF35EB800F2784F /* Sources */ = {
			isa = PBXSourcesBuildPhase;
			buildActionMask = 2147483647;
			files = (
			);
			runOnlyForDeploymentPostprocessing = 0;
		};
		71B2A8D62DF35EBB00F2784F /* Sources */ = {
			isa = PBXSourcesBuildPhase;
			buildActionMask = 2147483647;
			files = (
			);
			runOnlyForDeploymentPostprocessing = 0;
		};
		71B2A8E02DF35EBB00F2784F /* Sources */ = {
			isa = PBXSourcesBuildPhase;
			buildActionMask = 2147483647;
			files = (
			);
			runOnlyForDeploymentPostprocessing = 0;
		};
/* End PBXSourcesBuildPhase section */

/* Begin PBXTargetDependency section */
		71B2A8DC2DF35EBB00F2784F /* PBXTargetDependency */ = {
			isa = PBXTargetDependency;
			target = 71B2A8CA2DF35EB800F2784F /* clarity-loop-frontend-v2 */;
			targetProxy = 71B2A8DB2DF35EBB00F2784F /* PBXContainerItemProxy */;
		};
		71B2A8E62DF35EBB00F2784F /* PBXTargetDependency */ = {
			isa = PBXTargetDependency;
			target = 71B2A8CA2DF35EB800F2784F /* clarity-loop-frontend-v2 */;
			targetProxy = 71B2A8E52DF35EBB00F2784F /* PBXContainerItemProxy */;
		};
/* End PBXTargetDependency section */

/* Begin XCBuildConfiguration section */
		71B2A8EC2DF35EBB00F2784F /* Debug */ = {
			isa = XCBuildConfiguration;
			buildSettings = {
				ALWAYS_SEARCH_USER_PATHS = NO;
				ASSETCATALOG_COMPILER_GENERATE_SWIFT_ASSET_SYMBOL_EXTENSIONS = YES;
				CLANG_ANALYZER_NONNULL = YES;
				CLANG_ANALYZER_NUMBER_OBJECT_CONVERSION = YES_AGGRESSIVE;
				CLANG_CXX_LANGUAGE_STANDARD = "gnu++20";
				CLANG_ENABLE_MODULES = YES;
				CLANG_ENABLE_OBJC_ARC = YES;
				CLANG_ENABLE_OBJC_WEAK = YES;
				CLANG_WARN_BLOCK_CAPTURE_AUTORELEASING = YES;
				CLANG_WARN_BOOL_CONVERSION = YES;
				CLANG_WARN_COMMA = YES;
				CLANG_WARN_CONSTANT_CONVERSION = YES;
				CLANG_WARN_DEPRECATED_OBJC_IMPLEMENTATIONS = YES;
				CLANG_WARN_DIRECT_OBJC_ISA_USAGE = YES_ERROR;
				CLANG_WARN_DOCUMENTATION_COMMENTS = YES;
				CLANG_WARN_EMPTY_BODY = YES;
				CLANG_WARN_ENUM_CONVERSION = YES;
				CLANG_WARN_INFINITE_RECURSION = YES;
				CLANG_WARN_INT_CONVERSION = YES;
				CLANG_WARN_NON_LITERAL_NULL_CONVERSION = YES;
				CLANG_WARN_OBJC_IMPLICIT_RETAIN_SELF = YES;
				CLANG_WARN_OBJC_LITERAL_CONVERSION = YES;
				CLANG_WARN_OBJC_ROOT_CLASS = YES_ERROR;
				CLANG_WARN_QUOTED_INCLUDE_IN_FRAMEWORK_HEADER = YES;
				CLANG_WARN_RANGE_LOOP_ANALYSIS = YES;
				CLANG_WARN_STRICT_PROTOTYPES = YES;
				CLANG_WARN_SUSPICIOUS_MOVE = YES;
				CLANG_WARN_UNGUARDED_AVAILABILITY = YES_AGGRESSIVE;
				CLANG_WARN_UNREACHABLE_CODE = YES;
				CLANG_WARN__DUPLICATE_METHOD_MATCH = YES;
				COPY_PHASE_STRIP = NO;
				DEBUG_INFORMATION_FORMAT = dwarf;
				DEVELOPMENT_TEAM = HJ7W9PTAD8;
				ENABLE_STRICT_OBJC_MSGSEND = YES;
				ENABLE_TESTABILITY = YES;
				ENABLE_USER_SCRIPT_SANDBOXING = YES;
				GCC_C_LANGUAGE_STANDARD = gnu17;
				GCC_DYNAMIC_NO_PIC = NO;
				GCC_NO_COMMON_BLOCKS = YES;
				GCC_OPTIMIZATION_LEVEL = 0;
				GCC_PREPROCESSOR_DEFINITIONS = (
					"DEBUG=1",
					"$(inherited)",
				);
				GCC_WARN_64_TO_32_BIT_CONVERSION = YES;
				GCC_WARN_ABOUT_RETURN_TYPE = YES_ERROR;
				GCC_WARN_UNDECLARED_SELECTOR = YES;
				GCC_WARN_UNINITIALIZED_AUTOS = YES_AGGRESSIVE;
				GCC_WARN_UNUSED_FUNCTION = YES;
				GCC_WARN_UNUSED_VARIABLE = YES;
				"INFOPLIST_FILE[sdk=*]" = "clarity-loop-frontend-v2/Info.plist";
				IPHONEOS_DEPLOYMENT_TARGET = 18.4;
				LOCALIZATION_PREFERS_STRING_CATALOGS = YES;
				MTL_ENABLE_DEBUG_INFO = INCLUDE_SOURCE;
				MTL_FAST_MATH = YES;
				ONLY_ACTIVE_ARCH = YES;
				SDKROOT = iphoneos;
				SWIFT_ACTIVE_COMPILATION_CONDITIONS = "DEBUG $(inherited)";
				SWIFT_OPTIMIZATION_LEVEL = "-Onone";
			};
			name = Debug;
		};
		71B2A8ED2DF35EBB00F2784F /* Release */ = {
			isa = XCBuildConfiguration;
			buildSettings = {
				ALWAYS_SEARCH_USER_PATHS = NO;
				ASSETCATALOG_COMPILER_GENERATE_SWIFT_ASSET_SYMBOL_EXTENSIONS = YES;
				CLANG_ANALYZER_NONNULL = YES;
				CLANG_ANALYZER_NUMBER_OBJECT_CONVERSION = YES_AGGRESSIVE;
				CLANG_CXX_LANGUAGE_STANDARD = "gnu++20";
				CLANG_ENABLE_MODULES = YES;
				CLANG_ENABLE_OBJC_ARC = YES;
				CLANG_ENABLE_OBJC_WEAK = YES;
				CLANG_WARN_BLOCK_CAPTURE_AUTORELEASING = YES;
				CLANG_WARN_BOOL_CONVERSION = YES;
				CLANG_WARN_COMMA = YES;
				CLANG_WARN_CONSTANT_CONVERSION = YES;
				CLANG_WARN_DEPRECATED_OBJC_IMPLEMENTATIONS = YES;
				CLANG_WARN_DIRECT_OBJC_ISA_USAGE = YES_ERROR;
				CLANG_WARN_DOCUMENTATION_COMMENTS = YES;
				CLANG_WARN_EMPTY_BODY = YES;
				CLANG_WARN_ENUM_CONVERSION = YES;
				CLANG_WARN_INFINITE_RECURSION = YES;
				CLANG_WARN_INT_CONVERSION = YES;
				CLANG_WARN_NON_LITERAL_NULL_CONVERSION = YES;
				CLANG_WARN_OBJC_IMPLICIT_RETAIN_SELF = YES;
				CLANG_WARN_OBJC_LITERAL_CONVERSION = YES;
				CLANG_WARN_OBJC_ROOT_CLASS = YES_ERROR;
				CLANG_WARN_QUOTED_INCLUDE_IN_FRAMEWORK_HEADER = YES;
				CLANG_WARN_RANGE_LOOP_ANALYSIS = YES;
				CLANG_WARN_STRICT_PROTOTYPES = YES;
				CLANG_WARN_SUSPICIOUS_MOVE = YES;
				CLANG_WARN_UNGUARDED_AVAILABILITY = YES_AGGRESSIVE;
				CLANG_WARN_UNREACHABLE_CODE = YES;
				CLANG_WARN__DUPLICATE_METHOD_MATCH = YES;
				COPY_PHASE_STRIP = NO;
				DEBUG_INFORMATION_FORMAT = "dwarf-with-dsym";
				DEVELOPMENT_TEAM = HJ7W9PTAD8;
				ENABLE_NS_ASSERTIONS = NO;
				ENABLE_STRICT_OBJC_MSGSEND = YES;
				ENABLE_USER_SCRIPT_SANDBOXING = YES;
				GCC_C_LANGUAGE_STANDARD = gnu17;
				GCC_NO_COMMON_BLOCKS = YES;
				GCC_WARN_64_TO_32_BIT_CONVERSION = YES;
				GCC_WARN_ABOUT_RETURN_TYPE = YES_ERROR;
				GCC_WARN_UNDECLARED_SELECTOR = YES;
				GCC_WARN_UNINITIALIZED_AUTOS = YES_AGGRESSIVE;
				GCC_WARN_UNUSED_FUNCTION = YES;
				GCC_WARN_UNUSED_VARIABLE = YES;
				"INFOPLIST_FILE[sdk=*]" = "clarity-loop-frontend-v2/Info.plist";
				IPHONEOS_DEPLOYMENT_TARGET = 18.4;
				LOCALIZATION_PREFERS_STRING_CATALOGS = YES;
				MTL_ENABLE_DEBUG_INFO = NO;
				MTL_FAST_MATH = YES;
				SDKROOT = iphoneos;
				SWIFT_COMPILATION_MODE = wholemodule;
				VALIDATE_PRODUCT = YES;
			};
			name = Release;
		};
		71B2A8EF2DF35EBB00F2784F /* Debug */ = {
			isa = XCBuildConfiguration;
			buildSettings = {
				ASSETCATALOG_COMPILER_APPICON_NAME = AppIcon;
				ASSETCATALOG_COMPILER_GLOBAL_ACCENT_COLOR_NAME = AccentColor;
				CODE_SIGN_ENTITLEMENTS = "clarity-loop-frontend-v2/clarity-loop-frontend-v2.entitlements";
				CODE_SIGN_STYLE = Automatic;
				CURRENT_PROJECT_VERSION = 1;
				DEVELOPMENT_TEAM = HJ7W9PTAD8;
				ENABLE_PREVIEWS = YES;
				GENERATE_INFOPLIST_FILE = YES;
				INFOPLIST_KEY_UIApplicationSceneManifest_Generation = YES;
				INFOPLIST_KEY_UIApplicationSupportsIndirectInputEvents = YES;
				INFOPLIST_KEY_UILaunchScreen_Generation = YES;
				INFOPLIST_KEY_UISupportedInterfaceOrientations_iPad = "UIInterfaceOrientationPortrait UIInterfaceOrientationPortraitUpsideDown UIInterfaceOrientationLandscapeLeft UIInterfaceOrientationLandscapeRight";
				INFOPLIST_KEY_UISupportedInterfaceOrientations_iPhone = "UIInterfaceOrientationPortrait UIInterfaceOrientationLandscapeLeft UIInterfaceOrientationLandscapeRight";
				LD_RUNPATH_SEARCH_PATHS = (
					"$(inherited)",
					"@executable_path/Frameworks",
				);
				MARKETING_VERSION = 1.0;
				PRODUCT_BUNDLE_IDENTIFIER = "com.novamindnyc.clarity-loop-frontend-v2";
				PRODUCT_NAME = "$(TARGET_NAME)";
				SWIFT_EMIT_LOC_STRINGS = YES;
				SWIFT_VERSION = 5.0;
				TARGETED_DEVICE_FAMILY = "1,2";
			};
			name = Debug;
		};
		71B2A8F02DF35EBB00F2784F /* Release */ = {
			isa = XCBuildConfiguration;
			buildSettings = {
				ASSETCATALOG_COMPILER_APPICON_NAME = AppIcon;
				ASSETCATALOG_COMPILER_GLOBAL_ACCENT_COLOR_NAME = AccentColor;
				CODE_SIGN_ENTITLEMENTS = "clarity-loop-frontend-v2/clarity-loop-frontend-v2.entitlements";
				CODE_SIGN_STYLE = Automatic;
				CURRENT_PROJECT_VERSION = 1;
				DEVELOPMENT_TEAM = HJ7W9PTAD8;
				ENABLE_PREVIEWS = YES;
				GENERATE_INFOPLIST_FILE = YES;
				INFOPLIST_KEY_UIApplicationSceneManifest_Generation = YES;
				INFOPLIST_KEY_UIApplicationSupportsIndirectInputEvents = YES;
				INFOPLIST_KEY_UILaunchScreen_Generation = YES;
				INFOPLIST_KEY_UISupportedInterfaceOrientations_iPad = "UIInterfaceOrientationPortrait UIInterfaceOrientationPortraitUpsideDown UIInterfaceOrientationLandscapeLeft UIInterfaceOrientationLandscapeRight";
				INFOPLIST_KEY_UISupportedInterfaceOrientations_iPhone = "UIInterfaceOrientationPortrait UIInterfaceOrientationLandscapeLeft UIInterfaceOrientationLandscapeRight";
				LD_RUNPATH_SEARCH_PATHS = (
					"$(inherited)",
					"@executable_path/Frameworks",
				);
				MARKETING_VERSION = 1.0;
				PRODUCT_BUNDLE_IDENTIFIER = "com.novamindnyc.clarity-loop-frontend-v2";
				PRODUCT_NAME = "$(TARGET_NAME)";
				SWIFT_EMIT_LOC_STRINGS = YES;
				SWIFT_VERSION = 5.0;
				TARGETED_DEVICE_FAMILY = "1,2";
			};
			name = Release;
		};
		71B2A8F22DF35EBB00F2784F /* Debug */ = {
			isa = XCBuildConfiguration;
			buildSettings = {
				BUNDLE_LOADER = "$(TEST_HOST)";
				CODE_SIGN_STYLE = Automatic;
				CURRENT_PROJECT_VERSION = 1;
				DEVELOPMENT_TEAM = HJ7W9PTAD8;
				GENERATE_INFOPLIST_FILE = YES;
				IPHONEOS_DEPLOYMENT_TARGET = 18.4;
				MARKETING_VERSION = 1.0;
				OTHER_SWIFT_FLAGS = "-DTESTING";
				PRODUCT_BUNDLE_IDENTIFIER = "com.novamindnyc.clarity-loop-frontend-v2Tests";
				PRODUCT_NAME = "$(TARGET_NAME)";
				SWIFT_EMIT_LOC_STRINGS = NO;
				SWIFT_VERSION = 5.0;
				TARGETED_DEVICE_FAMILY = "1,2";
				TEST_HOST = "$(BUILT_PRODUCTS_DIR)/clarity-loop-frontend-v2.app/$(BUNDLE_EXECUTABLE_FOLDER_PATH)/clarity-loop-frontend-v2";
			};
			name = Debug;
		};
		71B2A8F32DF35EBB00F2784F /* Release */ = {
			isa = XCBuildConfiguration;
			buildSettings = {
				BUNDLE_LOADER = "$(TEST_HOST)";
				CODE_SIGN_STYLE = Automatic;
				CURRENT_PROJECT_VERSION = 1;
				DEVELOPMENT_TEAM = HJ7W9PTAD8;
				GENERATE_INFOPLIST_FILE = YES;
				IPHONEOS_DEPLOYMENT_TARGET = 18.4;
				MARKETING_VERSION = 1.0;
				OTHER_SWIFT_FLAGS = "-DTESTING";
				PRODUCT_BUNDLE_IDENTIFIER = "com.novamindnyc.clarity-loop-frontend-v2Tests";
				PRODUCT_NAME = "$(TARGET_NAME)";
				SWIFT_EMIT_LOC_STRINGS = NO;
				SWIFT_VERSION = 5.0;
				TARGETED_DEVICE_FAMILY = "1,2";
				TEST_HOST = "$(BUILT_PRODUCTS_DIR)/clarity-loop-frontend-v2.app/$(BUNDLE_EXECUTABLE_FOLDER_PATH)/clarity-loop-frontend-v2";
			};
			name = Release;
		};
		71B2A8F52DF35EBB00F2784F /* Debug */ = {
			isa = XCBuildConfiguration;
			buildSettings = {
				CODE_SIGN_STYLE = Automatic;
				CURRENT_PROJECT_VERSION = 1;
				DEVELOPMENT_TEAM = HJ7W9PTAD8;
				GENERATE_INFOPLIST_FILE = YES;
				MARKETING_VERSION = 1.0;
				PRODUCT_BUNDLE_IDENTIFIER = "com.novamindnyc.clarity-loop-frontend-v2UITests";
				PRODUCT_NAME = "$(TARGET_NAME)";
				SWIFT_EMIT_LOC_STRINGS = NO;
				SWIFT_VERSION = 5.0;
				TARGETED_DEVICE_FAMILY = "1,2";
				TEST_TARGET_NAME = "clarity-loop-frontend-v2";
			};
			name = Debug;
		};
		71B2A8F62DF35EBB00F2784F /* Release */ = {
			isa = XCBuildConfiguration;
			buildSettings = {
				CODE_SIGN_STYLE = Automatic;
				CURRENT_PROJECT_VERSION = 1;
				DEVELOPMENT_TEAM = HJ7W9PTAD8;
				GENERATE_INFOPLIST_FILE = YES;
				MARKETING_VERSION = 1.0;
				PRODUCT_BUNDLE_IDENTIFIER = "com.novamindnyc.clarity-loop-frontend-v2UITests";
				PRODUCT_NAME = "$(TARGET_NAME)";
				SWIFT_EMIT_LOC_STRINGS = NO;
				SWIFT_VERSION = 5.0;
				TARGETED_DEVICE_FAMILY = "1,2";
				TEST_TARGET_NAME = "clarity-loop-frontend-v2";
			};
			name = Release;
		};
		71CEF8DF2E008DCE005C756C /* Debug-UITest */ = {
			isa = XCBuildConfiguration;
			buildSettings = {
				ALWAYS_SEARCH_USER_PATHS = NO;
				ASSETCATALOG_COMPILER_GENERATE_SWIFT_ASSET_SYMBOL_EXTENSIONS = YES;
				CLANG_ANALYZER_NONNULL = YES;
				CLANG_ANALYZER_NUMBER_OBJECT_CONVERSION = YES_AGGRESSIVE;
				CLANG_CXX_LANGUAGE_STANDARD = "gnu++20";
				CLANG_ENABLE_MODULES = YES;
				CLANG_ENABLE_OBJC_ARC = YES;
				CLANG_ENABLE_OBJC_WEAK = YES;
				CLANG_WARN_BLOCK_CAPTURE_AUTORELEASING = YES;
				CLANG_WARN_BOOL_CONVERSION = YES;
				CLANG_WARN_COMMA = YES;
				CLANG_WARN_CONSTANT_CONVERSION = YES;
				CLANG_WARN_DEPRECATED_OBJC_IMPLEMENTATIONS = YES;
				CLANG_WARN_DIRECT_OBJC_ISA_USAGE = YES_ERROR;
				CLANG_WARN_DOCUMENTATION_COMMENTS = YES;
				CLANG_WARN_EMPTY_BODY = YES;
				CLANG_WARN_ENUM_CONVERSION = YES;
				CLANG_WARN_INFINITE_RECURSION = YES;
				CLANG_WARN_INT_CONVERSION = YES;
				CLANG_WARN_NON_LITERAL_NULL_CONVERSION = YES;
				CLANG_WARN_OBJC_IMPLICIT_RETAIN_SELF = YES;
				CLANG_WARN_OBJC_LITERAL_CONVERSION = YES;
				CLANG_WARN_OBJC_ROOT_CLASS = YES_ERROR;
				CLANG_WARN_QUOTED_INCLUDE_IN_FRAMEWORK_HEADER = YES;
				CLANG_WARN_RANGE_LOOP_ANALYSIS = YES;
				CLANG_WARN_STRICT_PROTOTYPES = YES;
				CLANG_WARN_SUSPICIOUS_MOVE = YES;
				CLANG_WARN_UNGUARDED_AVAILABILITY = YES_AGGRESSIVE;
				CLANG_WARN_UNREACHABLE_CODE = YES;
				CLANG_WARN__DUPLICATE_METHOD_MATCH = YES;
				COPY_PHASE_STRIP = NO;
				DEBUG_INFORMATION_FORMAT = dwarf;
				DEVELOPMENT_TEAM = HJ7W9PTAD8;
				ENABLE_STRICT_OBJC_MSGSEND = YES;
				ENABLE_TESTABILITY = YES;
				ENABLE_USER_SCRIPT_SANDBOXING = YES;
				GCC_C_LANGUAGE_STANDARD = gnu17;
				GCC_DYNAMIC_NO_PIC = NO;
				GCC_NO_COMMON_BLOCKS = YES;
				GCC_OPTIMIZATION_LEVEL = 0;
				GCC_PREPROCESSOR_DEFINITIONS = (
					"DEBUG=1",
					"$(inherited)",
				);
				GCC_WARN_64_TO_32_BIT_CONVERSION = YES;
				GCC_WARN_ABOUT_RETURN_TYPE = YES_ERROR;
				GCC_WARN_UNDECLARED_SELECTOR = YES;
				GCC_WARN_UNINITIALIZED_AUTOS = YES_AGGRESSIVE;
				GCC_WARN_UNUSED_FUNCTION = YES;
				GCC_WARN_UNUSED_VARIABLE = YES;
				"INFOPLIST_FILE[sdk=*]" = "clarity-loop-frontend-v2/Info.plist";
				IPHONEOS_DEPLOYMENT_TARGET = 18.4;
				LOCALIZATION_PREFERS_STRING_CATALOGS = YES;
				MTL_ENABLE_DEBUG_INFO = INCLUDE_SOURCE;
				MTL_FAST_MATH = YES;
				ONLY_ACTIVE_ARCH = YES;
				SDKROOT = iphoneos;
				SWIFT_ACTIVE_COMPILATION_CONDITIONS = "DEBUG TESTING $(inherited)";
				SWIFT_OPTIMIZATION_LEVEL = "-Onone";
			};
			name = "Debug-UITest";
		};
		71CEF8E02E008DCE005C756C /* Debug-UITest */ = {
			isa = XCBuildConfiguration;
			buildSettings = {
				ASSETCATALOG_COMPILER_APPICON_NAME = AppIcon;
				ASSETCATALOG_COMPILER_GLOBAL_ACCENT_COLOR_NAME = AccentColor;
				CODE_SIGN_ENTITLEMENTS = "clarity-loop-frontend-v2/clarity-loop-frontend-v2.entitlements";
				CODE_SIGN_STYLE = Automatic;
				CURRENT_PROJECT_VERSION = 1;
				DEVELOPMENT_TEAM = HJ7W9PTAD8;
				ENABLE_PREVIEWS = YES;
				GENERATE_INFOPLIST_FILE = YES;
				INFOPLIST_KEY_UIApplicationSceneManifest_Generation = YES;
				INFOPLIST_KEY_UIApplicationSupportsIndirectInputEvents = YES;
				INFOPLIST_KEY_UILaunchScreen_Generation = YES;
				INFOPLIST_KEY_UISupportedInterfaceOrientations_iPad = "UIInterfaceOrientationPortrait UIInterfaceOrientationPortraitUpsideDown UIInterfaceOrientationLandscapeLeft UIInterfaceOrientationLandscapeRight";
				INFOPLIST_KEY_UISupportedInterfaceOrientations_iPhone = "UIInterfaceOrientationPortrait UIInterfaceOrientationLandscapeLeft UIInterfaceOrientationLandscapeRight";
				LD_RUNPATH_SEARCH_PATHS = (
					"$(inherited)",
					"@executable_path/Frameworks",
				);
				MARKETING_VERSION = 1.0;
				PRODUCT_BUNDLE_IDENTIFIER = "com.novamindnyc.clarity-loop-frontend-v2";
				PRODUCT_NAME = "$(TARGET_NAME)";
				SWIFT_EMIT_LOC_STRINGS = YES;
				SWIFT_VERSION = 5.0;
				TARGETED_DEVICE_FAMILY = "1,2";
			};
			name = "Debug-UITest";
		};
		71CEF8E12E008DCE005C756C /* Debug-UITest */ = {
			isa = XCBuildConfiguration;
			buildSettings = {
				BUNDLE_LOADER = "$(TEST_HOST)";
				CODE_SIGN_STYLE = Automatic;
				CURRENT_PROJECT_VERSION = 1;
				DEVELOPMENT_TEAM = HJ7W9PTAD8;
				GENERATE_INFOPLIST_FILE = YES;
				IPHONEOS_DEPLOYMENT_TARGET = 18.4;
				MARKETING_VERSION = 1.0;
				OTHER_SWIFT_FLAGS = "-DTESTING";
				PRODUCT_BUNDLE_IDENTIFIER = "com.novamindnyc.clarity-loop-frontend-v2Tests";
				PRODUCT_NAME = "$(TARGET_NAME)";
				SWIFT_EMIT_LOC_STRINGS = NO;
				SWIFT_VERSION = 5.0;
				TARGETED_DEVICE_FAMILY = "1,2";
				TEST_HOST = "$(BUILT_PRODUCTS_DIR)/clarity-loop-frontend-v2.app/$(BUNDLE_EXECUTABLE_FOLDER_PATH)/clarity-loop-frontend-v2";
			};
			name = "Debug-UITest";
		};
		71CEF8E22E008DCE005C756C /* Debug-UITest */ = {
			isa = XCBuildConfiguration;
			buildSettings = {
				CODE_SIGN_STYLE = Automatic;
				CURRENT_PROJECT_VERSION = 1;
				DEVELOPMENT_TEAM = HJ7W9PTAD8;
				GENERATE_INFOPLIST_FILE = YES;
				MARKETING_VERSION = 1.0;
				PRODUCT_BUNDLE_IDENTIFIER = "com.novamindnyc.clarity-loop-frontend-v2UITests";
				PRODUCT_NAME = "$(TARGET_NAME)";
				SWIFT_EMIT_LOC_STRINGS = NO;
				SWIFT_VERSION = 5.0;
				TARGETED_DEVICE_FAMILY = "1,2";
				TEST_TARGET_NAME = "clarity-loop-frontend-v2";
			};
			name = "Debug-UITest";
		};
/* End XCBuildConfiguration section */

/* Begin XCConfigurationList section */
		71B2A8C62DF35EB800F2784F /* Build configuration list for PBXProject "clarity-loop-frontend-v2" */ = {
			isa = XCConfigurationList;
			buildConfigurations = (
				71B2A8EC2DF35EBB00F2784F /* Debug */,
				71CEF8DF2E008DCE005C756C /* Debug-UITest */,
				71B2A8ED2DF35EBB00F2784F /* Release */,
			);
			defaultConfigurationIsVisible = 0;
			defaultConfigurationName = Release;
		};
		71B2A8EE2DF35EBB00F2784F /* Build configuration list for PBXNativeTarget "clarity-loop-frontend-v2" */ = {
			isa = XCConfigurationList;
			buildConfigurations = (
				71B2A8EF2DF35EBB00F2784F /* Debug */,
				71CEF8E02E008DCE005C756C /* Debug-UITest */,
				71B2A8F02DF35EBB00F2784F /* Release */,
			);
			defaultConfigurationIsVisible = 0;
			defaultConfigurationName = Release;
		};
		71B2A8F12DF35EBB00F2784F /* Build configuration list for PBXNativeTarget "clarity-loop-frontend-v2Tests" */ = {
			isa = XCConfigurationList;
			buildConfigurations = (
				71B2A8F22DF35EBB00F2784F /* Debug */,
				71CEF8E12E008DCE005C756C /* Debug-UITest */,
				71B2A8F32DF35EBB00F2784F /* Release */,
			);
			defaultConfigurationIsVisible = 0;
			defaultConfigurationName = Release;
		};
		71B2A8F42DF35EBB00F2784F /* Build configuration list for PBXNativeTarget "clarity-loop-frontend-v2UITests" */ = {
			isa = XCConfigurationList;
			buildConfigurations = (
				71B2A8F52DF35EBB00F2784F /* Debug */,
				71CEF8E22E008DCE005C756C /* Debug-UITest */,
				71B2A8F62DF35EBB00F2784F /* Release */,
			);
			defaultConfigurationIsVisible = 0;
			defaultConfigurationName = Release;
		};
/* End XCConfigurationList section */

/* Begin XCRemoteSwiftPackageReference section */
		7193BC572E005F8F00B9D1F6 /* XCRemoteSwiftPackageReference "amplify-swift" */ = {
			isa = XCRemoteSwiftPackageReference;
			repositoryURL = "https://github.com/aws-amplify/amplify-swift.git";
			requirement = {
				kind = upToNextMajorVersion;
				minimumVersion = 2.48.1;
			};
		};
/* End XCRemoteSwiftPackageReference section */

/* Begin XCSwiftPackageProductDependency section */
		7193BC582E005F8F00B9D1F6 /* AWSAPIPlugin */ = {
			isa = XCSwiftPackageProductDependency;
			package = 7193BC572E005F8F00B9D1F6 /* XCRemoteSwiftPackageReference "amplify-swift" */;
			productName = AWSAPIPlugin;
		};
		7193BC5A2E005F8F00B9D1F6 /* AWSCognitoAuthPlugin */ = {
			isa = XCSwiftPackageProductDependency;
			package = 7193BC572E005F8F00B9D1F6 /* XCRemoteSwiftPackageReference "amplify-swift" */;
			productName = AWSCognitoAuthPlugin;
		};
		7193BC5C2E005F8F00B9D1F6 /* AWSPinpointPushNotificationsPlugin */ = {
			isa = XCSwiftPackageProductDependency;
			package = 7193BC572E005F8F00B9D1F6 /* XCRemoteSwiftPackageReference "amplify-swift" */;
			productName = AWSPinpointPushNotificationsPlugin;
		};
		7193BC5E2E005F8F00B9D1F6 /* AWSS3StoragePlugin */ = {
			isa = XCSwiftPackageProductDependency;
			package = 7193BC572E005F8F00B9D1F6 /* XCRemoteSwiftPackageReference "amplify-swift" */;
			productName = AWSS3StoragePlugin;
		};
		7193BC602E005F8F00B9D1F6 /* Amplify */ = {
			isa = XCSwiftPackageProductDependency;
			package = 7193BC572E005F8F00B9D1F6 /* XCRemoteSwiftPackageReference "amplify-swift" */;
			productName = Amplify;
		};
/* End XCSwiftPackageProductDependency section */
	};
	rootObject = 71B2A8C32DF35EB800F2784F /* Project object */;
}
