// !$*UTF8*$!
{
	archiveVersion = 1;
	classes = {
	};
	objectVersion = 63;
	objects = {

/* Begin PBXBuildFile section */

		1B917CB96B224F85F98792AE /* AWSAPIPlugin in Frameworks */ = {isa = PBXBuildFile; productRef = 9E52E5C0955DC3AB67498A5E /* AWSAPIPlugin */; };
		1DD5F84947F97F8FE78C6E0E /* AWSCognitoAuthPlugin in Frameworks */ = {isa = PBXBuildFile; productRef = 91EEB045982A92E9D7047A20 /* AWSCognitoAuthPlugin */; };
		320DB66F8AD3CC8E85BAEDF6 /* ClarityDomain in Frameworks */ = {isa = PBXBuildFile; productRef = C4381B7982B10E8698245855 /* ClarityDomain */; };
		507F2A0E30739CB9E6ABEB27 /* ClarityLoopFrontendV2UITests.swift in Sources */ = {isa = PBXBuildFile; fileRef = 32CFD85DF3C483F93357D4B3 /* ClarityLoopFrontendV2UITests.swift */; };
		5C7DE0EC6D0D5D876436F28E /* ScreenshotComparison.swift in Sources */ = {isa = PBXBuildFile; fileRef = 367DA145C4E7C5B6AB69327F /* ScreenshotComparison.swift */; };
		604CBF540633FC21367DDD7E /* ClarityPulseWrapperApp.swift in Sources */ = {isa = PBXBuildFile; fileRef = "TEMP_B2472BEC-3F36-43EB-9FFA-FE102E0418F8" /* ClarityPulseWrapperApp.swift */; };
		6884F59BEFB71A2ACF4088E5 /* ClarityCore in Frameworks */ = {isa = PBXBuildFile; productRef = BF8256B2BDE57299E192DF95 /* ClarityCore */; };
		723183E5F63A2D7B7835B341 /* BaseUITestCaseTests.swift in Sources */ = {isa = PBXBuildFile; fileRef = A3E830616814363E749B4760 /* BaseUITestCaseTests.swift */; };

		8EA3BFD28B905CE1DA581E53 /* RootView.swift in Sources */ = {isa = PBXBuildFile; fileRef = "TEMP_E61D43A0-665A-495C-B222-330391CABE78" /* RootView.swift */; };
		9AAAFB474A7A6332ED680050 /* LoginScreenTests.swift in Sources */ = {isa = PBXBuildFile; fileRef = 87343A307196F5C14E519FC6 /* LoginScreenTests.swift */; };
		9C0DA5714658C54FBA436FFD /* LoginScreen.swift in Sources */ = {isa = PBXBuildFile; fileRef = 7E295632CD6C45851670B673 /* LoginScreen.swift */; };
		AADDCCAC7FB5C040AD961EC0 /* BaseUITestCase.swift in Sources */ = {isa = PBXBuildFile; fileRef = E21C1304D9B98C10E3B1D521 /* BaseUITestCase.swift */; };
		B89ED7A09FA0A81DBAB96FB0 /* ClarityLoopFrontendV2UITestsLaunchTests.swift in Sources */ = {isa = PBXBuildFile; fileRef = C8ADD299C1D6D292C1E8827C /* ClarityLoopFrontendV2UITestsLaunchTests.swift */; };
		BC23B782AD21AF06752C9C0F /* Amplify in Frameworks */ = {isa = PBXBuildFile; productRef = 0A7EE1CAE98E6FD93D442659 /* Amplify */; };
		D5FB3B9CCD52C8D387E4A98C /* ClarityData in Frameworks */ = {isa = PBXBuildFile; productRef = 2630632567852F5D55F56C10 /* ClarityData */; };
		DCAF2D4DC605E53257E0597F /* ClarityUI in Frameworks */ = {isa = PBXBuildFile; productRef = FEDABD0F0E331008D67455ED /* ClarityUI */; };
		DD52E4916AA2BF6465ABDE24 /* BaseScreen.swift in Sources */ = {isa = PBXBuildFile; fileRef = 1885F106F553B1399190D4A4 /* BaseScreen.swift */; };
		E8FCD52CA71E82CD42F54388 /* ScreenshotComparisonTests.swift in Sources */ = {isa = PBXBuildFile; fileRef = 58ECBCB36C19B13A963DBC19 /* ScreenshotComparisonTests.swift */; };
/* End PBXBuildFile section */

/* Begin PBXContainerItemProxy section */
		813E0E850E7C48B598FFF246 /* PBXContainerItemProxy */ = {
			isa = PBXContainerItemProxy;
			containerPortal = 0AA276D9D677D75E3918B494 /* Project object */;
			proxyType = 1;
			remoteGlobalIDString = C09433A0BEC021A896AE7558;
			remoteInfo = ClarityPulseWrapper;
		};
/* End PBXContainerItemProxy section */

/* Begin PBXFileReference section */
		032DEBAB051FCD0F6974FCFB /* clarity-loop-frontend-V2 */ = {isa = PBXFileReference; lastKnownFileType = folder; name = "clarity-loop-frontend-V2"; path = ..; sourceTree = SOURCE_ROOT; };
		1885F106F553B1399190D4A4 /* BaseScreen.swift */ = {isa = PBXFileReference; lastKnownFileType = sourcecode.swift; path = BaseScreen.swift; sourceTree = "<group>"; };
		32CFD85DF3C483F93357D4B3 /* ClarityLoopFrontendV2UITests.swift */ = {isa = PBXFileReference; lastKnownFileType = sourcecode.swift; path = ClarityLoopFrontendV2UITests.swift; sourceTree = "<group>"; };
		367DA145C4E7C5B6AB69327F /* ScreenshotComparison.swift */ = {isa = PBXFileReference; lastKnownFileType = sourcecode.swift; path = ScreenshotComparison.swift; sourceTree = "<group>"; };
		58ECBCB36C19B13A963DBC19 /* ScreenshotComparisonTests.swift */ = {isa = PBXFileReference; lastKnownFileType = sourcecode.swift; path = ScreenshotComparisonTests.swift; sourceTree = "<group>"; };
		7E295632CD6C45851670B673 /* LoginScreen.swift */ = {isa = PBXFileReference; lastKnownFileType = sourcecode.swift; path = LoginScreen.swift; sourceTree = "<group>"; };
		87343A307196F5C14E519FC6 /* LoginScreenTests.swift */ = {isa = PBXFileReference; lastKnownFileType = sourcecode.swift; path = LoginScreenTests.swift; sourceTree = "<group>"; };
		A3E830616814363E749B4760 /* BaseUITestCaseTests.swift */ = {isa = PBXFileReference; lastKnownFileType = sourcecode.swift; path = BaseUITestCaseTests.swift; sourceTree = "<group>"; };
		A66607095E3AE6329973EB7E /* ClarityPulseWrapperUITests.xctest */ = {isa = PBXFileReference; explicitFileType = wrapper.cfbundle; includeInIndex = 0; path = ClarityPulseWrapperUITests.xctest; sourceTree = BUILT_PRODUCTS_DIR; };
		C8ADD299C1D6D292C1E8827C /* ClarityLoopFrontendV2UITestsLaunchTests.swift */ = {isa = PBXFileReference; lastKnownFileType = sourcecode.swift; path = ClarityLoopFrontendV2UITestsLaunchTests.swift; sourceTree = "<group>"; };
		D55271CE8750AA0169449347 /* ClarityPulseWrapper.app */ = {isa = PBXFileReference; explicitFileType = wrapper.application; includeInIndex = 0; path = ClarityPulseWrapper.app; sourceTree = BUILT_PRODUCTS_DIR; };
		E21C1304D9B98C10E3B1D521 /* BaseUITestCase.swift */ = {isa = PBXFileReference; lastKnownFileType = sourcecode.swift; path = BaseUITestCase.swift; sourceTree = "<group>"; };

		"TEMP_B2472BEC-3F36-43EB-9FFA-FE102E0418F8" /* ClarityPulseWrapperApp.swift */ = {isa = PBXFileReference; lastKnownFileType = sourcecode.swift; path = ClarityPulseWrapperApp.swift; sourceTree = "<group>"; };

		"TEMP_E61D43A0-665A-495C-B222-330391CABE78" /* RootView.swift */ = {isa = PBXFileReference; lastKnownFileType = sourcecode.swift; path = RootView.swift; sourceTree = "<group>"; };
/* End PBXFileReference section */

/* Begin PBXFrameworksBuildPhase section */
		E0366211178D7688FC00A88E /* Frameworks */ = {
			isa = PBXFrameworksBuildPhase;
			buildActionMask = 2147483647;
			files = (
				DCAF2D4DC605E53257E0597F /* ClarityUI in Frameworks */,
				6884F59BEFB71A2ACF4088E5 /* ClarityCore in Frameworks */,
				320DB66F8AD3CC8E85BAEDF6 /* ClarityDomain in Frameworks */,
				D5FB3B9CCD52C8D387E4A98C /* ClarityData in Frameworks */,
				BC23B782AD21AF06752C9C0F /* Amplify in Frameworks */,
				1DD5F84947F97F8FE78C6E0E /* AWSCognitoAuthPlugin in Frameworks */,
				1B917CB96B224F85F98792AE /* AWSAPIPlugin in Frameworks */,
			);
			runOnlyForDeploymentPostprocessing = 0;
		};
/* End PBXFrameworksBuildPhase section */

/* Begin PBXGroup section */
		0F29689888C3636A24A3F8CE /* clarity-loop-frontend-V2 */ = {
			isa = PBXGroup;
			children = (
				EDA4ADD8667D48994FF14D7F /* clarity-loop-frontend-v2UITests */,
			);
			name = "clarity-loop-frontend-V2";
			path = ..;
			sourceTree = "<group>";
		};
		3ADAFC48FE012B054461DC69 /* Screens */ = {
			isa = PBXGroup;
			children = (
				1885F106F553B1399190D4A4 /* BaseScreen.swift */,
				7E295632CD6C45851670B673 /* LoginScreen.swift */,
				87343A307196F5C14E519FC6 /* LoginScreenTests.swift */,
			);
			path = Screens;
			sourceTree = "<group>";
		};
		4C4F006CAD4CD5E4943261B5 /* Products */ = {
			isa = PBXGroup;
			children = (
				D55271CE8750AA0169449347 /* ClarityPulseWrapper.app */,
				A66607095E3AE6329973EB7E /* ClarityPulseWrapperUITests.xctest */,
			);
			name = Products;
			sourceTree = "<group>";
		};
		712D9D7E2E16BB9600103433 /* Recovered References */ = {
			isa = PBXGroup;
			children = (
				"TEMP_B2472BEC-3F36-43EB-9FFA-FE102E0418F8" /* ClarityPulseWrapperApp.swift */,
				"TEMP_E61D43A0-665A-495C-B222-330391CABE78" /* RootView.swift */,
			);
			name = "Recovered References";
			sourceTree = "<group>";
		};
		7FFD0F0C37F87A21E8C2F033 /* Packages */ = {
			isa = PBXGroup;
			children = (
				032DEBAB051FCD0F6974FCFB /* clarity-loop-frontend-V2 */,
			);
			name = Packages;
			sourceTree = "<group>";
		};
		94AEEEBE08C419579704B672 = {
			isa = PBXGroup;
			children = (
				0F29689888C3636A24A3F8CE /* clarity-loop-frontend-V2 */,
				7FFD0F0C37F87A21E8C2F033 /* Packages */,
				4C4F006CAD4CD5E4943261B5 /* Products */,
				712D9D7E2E16BB9600103433 /* Recovered References */,
			);
			sourceTree = "<group>";
		};
		EDA4ADD8667D48994FF14D7F /* clarity-loop-frontend-v2UITests */ = {
			isa = PBXGroup;
			children = (
				E21C1304D9B98C10E3B1D521 /* BaseUITestCase.swift */,
				A3E830616814363E749B4760 /* BaseUITestCaseTests.swift */,
				32CFD85DF3C483F93357D4B3 /* ClarityLoopFrontendV2UITests.swift */,
				C8ADD299C1D6D292C1E8827C /* ClarityLoopFrontendV2UITestsLaunchTests.swift */,
				3ADAFC48FE012B054461DC69 /* Screens */,
				FA4AF5C492DFA6D18F052C09 /* Utilities */,
			);
			path = "clarity-loop-frontend-v2UITests";
			sourceTree = "<group>";
		};
		FA4AF5C492DFA6D18F052C09 /* Utilities */ = {
			isa = PBXGroup;
			children = (
				367DA145C4E7C5B6AB69327F /* ScreenshotComparison.swift */,
				58ECBCB36C19B13A963DBC19 /* ScreenshotComparisonTests.swift */,
			);
			path = Utilities;
			sourceTree = "<group>";
		};
/* End PBXGroup section */

/* Begin PBXNativeTarget section */
		8B3914CEE1152D4D4DCFE042 /* ClarityPulseWrapperUITests */ = {
			isa = PBXNativeTarget;
			buildConfigurationList = 19B69C8BD8181E144CF4DFAF /* Build configuration list for PBXNativeTarget "ClarityPulseWrapperUITests" */;
			buildPhases = (
				91EA6BE5F18057F33C81AD8E /* Sources */,
			);
			buildRules = (
			);
			dependencies = (
				A7C6B33CCDD0E3EB84188D19 /* PBXTargetDependency */,
			);
			name = ClarityPulseWrapperUITests;
			packageProductDependencies = (
			);
			productName = ClarityPulseWrapperUITests;
			productReference = A66607095E3AE6329973EB7E /* ClarityPulseWrapperUITests.xctest */;
			productType = "com.apple.product-type.bundle.ui-testing";
		};
		C09433A0BEC021A896AE7558 /* ClarityPulseWrapper */ = {
			isa = PBXNativeTarget;
			buildConfigurationList = 872B426A7BC9AC1646D0371D /* Build configuration list for PBXNativeTarget "ClarityPulseWrapper" */;
			buildPhases = (
				97924C16D239AE9774034F89 /* Sources */,
				E0366211178D7688FC00A88E /* Frameworks */,
				FB580FB2063179F289C6B9F5 /* Copy amplifyconfiguration.json */,
			);
			buildRules = (
			);
			dependencies = (
			);
			name = ClarityPulseWrapper;
			packageProductDependencies = (
				FEDABD0F0E331008D67455ED /* ClarityUI */,
				BF8256B2BDE57299E192DF95 /* ClarityCore */,
				C4381B7982B10E8698245855 /* ClarityDomain */,
				2630632567852F5D55F56C10 /* ClarityData */,
				0A7EE1CAE98E6FD93D442659 /* Amplify */,
				91EEB045982A92E9D7047A20 /* AWSCognitoAuthPlugin */,
				9E52E5C0955DC3AB67498A5E /* AWSAPIPlugin */,
			);
			productName = ClarityPulseWrapper;
			productReference = D55271CE8750AA0169449347 /* ClarityPulseWrapper.app */;
			productType = "com.apple.product-type.application";
		};
/* End PBXNativeTarget section */

/* Begin PBXProject section */
		0AA276D9D677D75E3918B494 /* Project object */ = {
			isa = PBXProject;
			attributes = {
				BuildIndependentTargetsInParallel = YES;
				LastUpgradeCheck = 1640;
				TargetAttributes = {
					8B3914CEE1152D4D4DCFE042 = {
						TestTargetID = C09433A0BEC021A896AE7558;
					};
					C09433A0BEC021A896AE7558 = {
						DevelopmentTeam = HJ7W9PTAD8;
						ProvisioningStyle = Automatic;
					};
				};
			};
			buildConfigurationList = 4B9921E3BA56F989B3DEBC88 /* Build configuration list for PBXProject "ClarityPulseWrapper" */;
			compatibilityVersion = "Xcode 14.0";
			developmentRegion = en;
			hasScannedForEncodings = 0;
			knownRegions = (
				Base,
				en,
			);
			mainGroup = 94AEEEBE08C419579704B672;
			minimizedProjectReferenceProxies = 1;
			packageReferences = (
				58CBC0B5AFC87EFEE6707F88 /* XCRemoteSwiftPackageReference "amplify-swift" */,
				109E8539F11E648908473B68 /* XCLocalSwiftPackageReference "..//" */,
			);
			projectDirPath = "";
			projectRoot = "";
			targets = (
				C09433A0BEC021A896AE7558 /* ClarityPulseWrapper */,
				8B3914CEE1152D4D4DCFE042 /* ClarityPulseWrapperUITests */,
			);
		};
/* End PBXProject section */

/* Begin PBXShellScriptBuildPhase section */
		FB580FB2063179F289C6B9F5 /* Copy amplifyconfiguration.json */ = {
			isa = PBXShellScriptBuildPhase;
			buildActionMask = 2147483647;
			files = (
			);
			inputFileListPaths = (
			);
			inputPaths = (
			);
			name = "Copy amplifyconfiguration.json";
			outputFileListPaths = (
			);
			outputPaths = (
				"$(BUILT_PRODUCTS_DIR)/$(PRODUCT_NAME).app/amplifyconfiguration.json",
			);
			runOnlyForDeploymentPostprocessing = 0;
			shellPath = /bin/sh;
			shellScript = "echo \"Copying amplifyconfiguration.json to Resources\"\ncp \"${SRCROOT}/amplifyconfiguration.json\" \"${BUILT_PRODUCTS_DIR}/${PRODUCT_NAME}.app/\"\n";
		};
/* End PBXShellScriptBuildPhase section */

/* Begin PBXSourcesBuildPhase section */
		91EA6BE5F18057F33C81AD8E /* Sources */ = {
			isa = PBXSourcesBuildPhase;
			buildActionMask = 2147483647;
			files = (
				DD52E4916AA2BF6465ABDE24 /* BaseScreen.swift in Sources */,
				AADDCCAC7FB5C040AD961EC0 /* BaseUITestCase.swift in Sources */,
				723183E5F63A2D7B7835B341 /* BaseUITestCaseTests.swift in Sources */,
				507F2A0E30739CB9E6ABEB27 /* ClarityLoopFrontendV2UITests.swift in Sources */,
				B89ED7A09FA0A81DBAB96FB0 /* ClarityLoopFrontendV2UITestsLaunchTests.swift in Sources */,
				9C0DA5714658C54FBA436FFD /* LoginScreen.swift in Sources */,
				9AAAFB474A7A6332ED680050 /* LoginScreenTests.swift in Sources */,
				5C7DE0EC6D0D5D876436F28E /* ScreenshotComparison.swift in Sources */,
				E8FCD52CA71E82CD42F54388 /* ScreenshotComparisonTests.swift in Sources */,
			);
			runOnlyForDeploymentPostprocessing = 0;
		};
		97924C16D239AE9774034F89 /* Sources */ = {
			isa = PBXSourcesBuildPhase;
			buildActionMask = 2147483647;
			files = (
				604CBF540633FC21367DDD7E /* ClarityPulseWrapperApp.swift in Sources */,
				8EA3BFD28B905CE1DA581E53 /* RootView.swift in Sources */,
			);
			runOnlyForDeploymentPostprocessing = 0;
		};
/* End PBXSourcesBuildPhase section */

/* Begin PBXTargetDependency section */
		A7C6B33CCDD0E3EB84188D19 /* PBXTargetDependency */ = {
			isa = PBXTargetDependency;
			target = C09433A0BEC021A896AE7558 /* ClarityPulseWrapper */;
			targetProxy = 813E0E850E7C48B598FFF246 /* PBXContainerItemProxy */;
		};
/* End PBXTargetDependency section */

/* Begin XCBuildConfiguration section */
		0D61C56E3C608EFDC92B7EDE /* Release */ = {
			isa = XCBuildConfiguration;
			buildSettings = {
				ASSETCATALOG_COMPILER_APPICON_NAME = AppIcon;
				CODE_SIGN_IDENTITY = "iPhone Developer";
				CODE_SIGN_STYLE = Automatic;
				DEVELOPMENT_TEAM = HJ7W9PTAD8;
				INFOPLIST_FILE = Info.plist;
				INFOPLIST_KEY_CFBundleDisplayName = "CLARITY Pulse";
				LD_RUNPATH_SEARCH_PATHS = (
					"$(inherited)",
					"@executable_path/Frameworks",
				);
				PRODUCT_BUNDLE_IDENTIFIER = com.clarity.ClarityPulseWrapper;
				SDKROOT = iphoneos;
				TARGETED_DEVICE_FAMILY = "1,2";
			};
			name = Release;
		};
		31FB6141E77194CFB5E23D7B /* Debug */ = {
			isa = XCBuildConfiguration;
			buildSettings = {
				BUNDLE_LOADER = "$(TEST_HOST)";
				GENERATE_INFOPLIST_FILE = YES;
				LD_RUNPATH_SEARCH_PATHS = (
					"$(inherited)",
					"@executable_path/Frameworks",
					"@loader_path/Frameworks",
				);
				PRODUCT_BUNDLE_IDENTIFIER = com.clarity.ClarityPulseWrapperUITests;
				SDKROOT = iphoneos;
				TARGETED_DEVICE_FAMILY = "1,2";
				TEST_TARGET_NAME = ClarityPulseWrapper;
			};
			name = Debug;
		};
		4A38C7BC39FEC603608C7956 /* Release */ = {
			isa = XCBuildConfiguration;
			buildSettings = {
				BUNDLE_LOADER = "$(TEST_HOST)";
				GENERATE_INFOPLIST_FILE = YES;
				LD_RUNPATH_SEARCH_PATHS = (
					"$(inherited)",
					"@executable_path/Frameworks",
					"@loader_path/Frameworks",
				);
				PRODUCT_BUNDLE_IDENTIFIER = com.clarity.ClarityPulseWrapperUITests;
				SDKROOT = iphoneos;
				TARGETED_DEVICE_FAMILY = "1,2";
				TEST_TARGET_NAME = ClarityPulseWrapper;
			};
			name = Release;
		};
		4C95D709C0E952F20F048DCF /* Release */ = {
			isa = XCBuildConfiguration;
			buildSettings = {
				ALWAYS_SEARCH_USER_PATHS = NO;
				CLANG_ANALYZER_NONNULL = YES;
				CLANG_ANALYZER_NUMBER_OBJECT_CONVERSION = YES_AGGRESSIVE;
				CLANG_CXX_LANGUAGE_STANDARD = "gnu++14";
				CLANG_CXX_LIBRARY = "libc++";
				CLANG_ENABLE_MODULES = YES;
				CLANG_ENABLE_OBJC_ARC = YES;
				CLANG_ENABLE_OBJC_WEAK = YES;
				CLANG_WARN_BLOCK_CAPTURE_AUTORELEASING = YES;
				CLANG_WARN_BOOL_CONVERSION = YES;
				CLANG_WARN_COMMA = YES;
				CLANG_WARN_CONSTANT_CONVERSION = YES;
				CLANG_WARN_DEPRECATED_OBJC_IMPLEMENTATIONS = YES;
				CLANG_WARN_DIRECT_OBJC_ISA_USAGE = YES_ERROR;
				CLANG_WARN_DOCUMENTATION_COMMENTS = YES;
				CLANG_WARN_EMPTY_BODY = YES;
				CLANG_WARN_ENUM_CONVERSION = YES;
				CLANG_WARN_INFINITE_RECURSION = YES;
				CLANG_WARN_INT_CONVERSION = YES;
				CLANG_WARN_NON_LITERAL_NULL_CONVERSION = YES;
				CLANG_WARN_OBJC_IMPLICIT_RETAIN_SELF = YES;
				CLANG_WARN_OBJC_LITERAL_CONVERSION = YES;
				CLANG_WARN_OBJC_ROOT_CLASS = YES_ERROR;
				CLANG_WARN_QUOTED_INCLUDE_IN_FRAMEWORK_HEADER = YES;
				CLANG_WARN_RANGE_LOOP_ANALYSIS = YES;
				CLANG_WARN_STRICT_PROTOTYPES = YES;
				CLANG_WARN_SUSPICIOUS_MOVE = YES;
				CLANG_WARN_UNGUARDED_AVAILABILITY = YES_AGGRESSIVE;
				CLANG_WARN_UNREACHABLE_CODE = YES;
				CLANG_WARN__DUPLICATE_METHOD_MATCH = YES;
				COPY_PHASE_STRIP = NO;
				CURRENT_PROJECT_VERSION = 1;
				DEBUG_INFORMATION_FORMAT = "dwarf-with-dsym";
				ENABLE_NS_ASSERTIONS = NO;
				ENABLE_STRICT_OBJC_MSGSEND = YES;
				ENABLE_USER_SCRIPT_SANDBOXING = YES;
				GCC_C_LANGUAGE_STANDARD = gnu11;
				GCC_NO_COMMON_BLOCKS = YES;
				GCC_WARN_64_TO_32_BIT_CONVERSION = YES;
				GCC_WARN_ABOUT_RETURN_TYPE = YES_ERROR;
				GCC_WARN_UNDECLARED_SELECTOR = YES;
				GCC_WARN_UNINITIALIZED_AUTOS = YES_AGGRESSIVE;
				GCC_WARN_UNUSED_FUNCTION = YES;
				GCC_WARN_UNUSED_VARIABLE = YES;
				IPHONEOS_DEPLOYMENT_TARGET = 18.0;
				MARKETING_VERSION = 1.0.0;
				MTL_ENABLE_DEBUG_INFO = NO;
				MTL_FAST_MATH = YES;
				PRODUCT_NAME = "$(TARGET_NAME)";
				SDKROOT = iphoneos;
				SWIFT_COMPILATION_MODE = wholemodule;
				SWIFT_OPTIMIZATION_LEVEL = "-O";
				SWIFT_VERSION = 5.0;
			};
			name = Release;
		};
		5A0E6CBD19B97DCD1D563E48 /* Debug */ = {
			isa = XCBuildConfiguration;
			buildSettings = {
				ASSETCATALOG_COMPILER_APPICON_NAME = AppIcon;
				CODE_SIGN_IDENTITY = "iPhone Developer";
				CODE_SIGN_STYLE = Automatic;
				DEVELOPMENT_TEAM = HJ7W9PTAD8;
				INFOPLIST_FILE = Info.plist;
				INFOPLIST_KEY_CFBundleDisplayName = "CLARITY Pulse";
				LD_RUNPATH_SEARCH_PATHS = (
					"$(inherited)",
					"@executable_path/Frameworks",
				);
				PRODUCT_BUNDLE_IDENTIFIER = com.clarity.ClarityPulseWrapper;
				SDKROOT = iphoneos;
				TARGETED_DEVICE_FAMILY = "1,2";
			};
			name = Debug;
		};
		E0558150529C1443A78DA275 /* Debug */ = {
			isa = XCBuildConfiguration;
			buildSettings = {
				ALWAYS_SEARCH_USER_PATHS = NO;
				CLANG_ANALYZER_NONNULL = YES;
				CLANG_ANALYZER_NUMBER_OBJECT_CONVERSION = YES_AGGRESSIVE;
				CLANG_CXX_LANGUAGE_STANDARD = "gnu++14";
				CLANG_CXX_LIBRARY = "libc++";
				CLANG_ENABLE_MODULES = YES;
				CLANG_ENABLE_OBJC_ARC = YES;
				CLANG_ENABLE_OBJC_WEAK = YES;
				CLANG_WARN_BLOCK_CAPTURE_AUTORELEASING = YES;
				CLANG_WARN_BOOL_CONVERSION = YES;
				CLANG_WARN_COMMA = YES;
				CLANG_WARN_CONSTANT_CONVERSION = YES;
				CLANG_WARN_DEPRECATED_OBJC_IMPLEMENTATIONS = YES;
				CLANG_WARN_DIRECT_OBJC_ISA_USAGE = YES_ERROR;
				CLANG_WARN_DOCUMENTATION_COMMENTS = YES;
				CLANG_WARN_EMPTY_BODY = YES;
				CLANG_WARN_ENUM_CONVERSION = YES;
				CLANG_WARN_INFINITE_RECURSION = YES;
				CLANG_WARN_INT_CONVERSION = YES;
				CLANG_WARN_NON_LITERAL_NULL_CONVERSION = YES;
				CLANG_WARN_OBJC_IMPLICIT_RETAIN_SELF = YES;
				CLANG_WARN_OBJC_LITERAL_CONVERSION = YES;
				CLANG_WARN_OBJC_ROOT_CLASS = YES_ERROR;
				CLANG_WARN_QUOTED_INCLUDE_IN_FRAMEWORK_HEADER = YES;
				CLANG_WARN_RANGE_LOOP_ANALYSIS = YES;
				CLANG_WARN_STRICT_PROTOTYPES = YES;
				CLANG_WARN_SUSPICIOUS_MOVE = YES;
				CLANG_WARN_UNGUARDED_AVAILABILITY = YES_AGGRESSIVE;
				CLANG_WARN_UNREACHABLE_CODE = YES;
				CLANG_WARN__DUPLICATE_METHOD_MATCH = YES;
				COPY_PHASE_STRIP = NO;
				CURRENT_PROJECT_VERSION = 1;
				DEBUG_INFORMATION_FORMAT = dwarf;
				ENABLE_STRICT_OBJC_MSGSEND = YES;
				ENABLE_TESTABILITY = YES;
				ENABLE_USER_SCRIPT_SANDBOXING = YES;
				GCC_C_LANGUAGE_STANDARD = gnu11;
				GCC_DYNAMIC_NO_PIC = NO;
				GCC_NO_COMMON_BLOCKS = YES;
				GCC_OPTIMIZATION_LEVEL = 0;
				GCC_PREPROCESSOR_DEFINITIONS = (
					"$(inherited)",
					"DEBUG=1",
				);
				GCC_WARN_64_TO_32_BIT_CONVERSION = YES;
				GCC_WARN_ABOUT_RETURN_TYPE = YES_ERROR;
				GCC_WARN_UNDECLARED_SELECTOR = YES;
				GCC_WARN_UNINITIALIZED_AUTOS = YES_AGGRESSIVE;
				GCC_WARN_UNUSED_FUNCTION = YES;
				GCC_WARN_UNUSED_VARIABLE = YES;
				IPHONEOS_DEPLOYMENT_TARGET = 18.0;
				MARKETING_VERSION = 1.0.0;
				MTL_ENABLE_DEBUG_INFO = INCLUDE_SOURCE;
				MTL_FAST_MATH = YES;
				ONLY_ACTIVE_ARCH = YES;
				PRODUCT_NAME = "$(TARGET_NAME)";
				SDKROOT = iphoneos;
				SWIFT_ACTIVE_COMPILATION_CONDITIONS = DEBUG;
				SWIFT_OPTIMIZATION_LEVEL = "-Onone";
				SWIFT_VERSION = 5.0;
			};
			name = Debug;
		};
/* End XCBuildConfiguration section */

/* Begin XCConfigurationList section */
		19B69C8BD8181E144CF4DFAF /* Build configuration list for PBXNativeTarget "ClarityPulseWrapperUITests" */ = {
			isa = XCConfigurationList;
			buildConfigurations = (
				31FB6141E77194CFB5E23D7B /* Debug */,
				4A38C7BC39FEC603608C7956 /* Release */,
			);
			defaultConfigurationIsVisible = 0;
			defaultConfigurationName = Debug;
		};
		4B9921E3BA56F989B3DEBC88 /* Build configuration list for PBXProject "ClarityPulseWrapper" */ = {
			isa = XCConfigurationList;
			buildConfigurations = (
				E0558150529C1443A78DA275 /* Debug */,
				4C95D709C0E952F20F048DCF /* Release */,
			);
			defaultConfigurationIsVisible = 0;
			defaultConfigurationName = Debug;
		};
		872B426A7BC9AC1646D0371D /* Build configuration list for PBXNativeTarget "ClarityPulseWrapper" */ = {
			isa = XCConfigurationList;
			buildConfigurations = (
				5A0E6CBD19B97DCD1D563E48 /* Debug */,
				0D61C56E3C608EFDC92B7EDE /* Release */,
			);
			defaultConfigurationIsVisible = 0;
			defaultConfigurationName = Debug;
		};
/* End XCConfigurationList section */

/* Begin XCLocalSwiftPackageReference section */
		109E8539F11E648908473B68 /* XCLocalSwiftPackageReference "..//" */ = {
			isa = XCLocalSwiftPackageReference;
			relativePath = "..//";
		};
/* End XCLocalSwiftPackageReference section */

/* Begin XCRemoteSwiftPackageReference section */
		58CBC0B5AFC87EFEE6707F88 /* XCRemoteSwiftPackageReference "amplify-swift" */ = {
			isa = XCRemoteSwiftPackageReference;
			repositoryURL = "https://github.com/aws-amplify/amplify-swift.git";
			requirement = {
				kind = upToNextMajorVersion;
				minimumVersion = 2.48.1;
			};
		};
/* End XCRemoteSwiftPackageReference section */

/* Begin XCSwiftPackageProductDependency section */
		0A7EE1CAE98E6FD93D442659 /* Amplify */ = {
			isa = XCSwiftPackageProductDependency;
			package = 58CBC0B5AFC87EFEE6707F88 /* XCRemoteSwiftPackageReference "amplify-swift" */;
			productName = Amplify;
		};
		2630632567852F5D55F56C10 /* ClarityData */ = {
			isa = XCSwiftPackageProductDependency;
			productName = ClarityData;
		};
		91EEB045982A92E9D7047A20 /* AWSCognitoAuthPlugin */ = {
			isa = XCSwiftPackageProductDependency;
			package = 58CBC0B5AFC87EFEE6707F88 /* XCRemoteSwiftPackageReference "amplify-swift" */;
			productName = AWSCognitoAuthPlugin;
		};
		9E52E5C0955DC3AB67498A5E /* AWSAPIPlugin */ = {
			isa = XCSwiftPackageProductDependency;
			package = 58CBC0B5AFC87EFEE6707F88 /* XCRemoteSwiftPackageReference "amplify-swift" */;
			productName = AWSAPIPlugin;
		};
		BF8256B2BDE57299E192DF95 /* ClarityCore */ = {
			isa = XCSwiftPackageProductDependency;
			productName = ClarityCore;
		};
		C4381B7982B10E8698245855 /* ClarityDomain */ = {
			isa = XCSwiftPackageProductDependency;
			productName = ClarityDomain;
		};
		FEDABD0F0E331008D67455ED /* ClarityUI */ = {
			isa = XCSwiftPackageProductDependency;
			productName = ClarityUI;
		};
/* End XCSwiftPackageProductDependency section */
	};
	rootObject = 0AA276D9D677D75E3918B494 /* Project object */;
}
